
Microsoft Visual Studio Solution File, Format Version 12.00
# Visual Studio Version 17
VisualStudioVersion = 17.6.33829.357
MinimumVisualStudioVersion = 10.0.40219.1
Project("{FAE04EC0-301F-11D3-BF4B-00C04F79EFBC}") = "MVCWebAppTest", "MVCWebAppTest\MVCWebAppTest.csproj", "{01028FCE-EC61-435A-A31F-C53F92F888B6}"
EndProject
Global
	GlobalSection(SolutionConfigurationPlatforms) = preSolution
		Debug|Any CPU = Debug|Any CPU
		Release|Any CPU = Release|Any CPU
	EndGlobalSection
	GlobalSection(ProjectConfigurationPlatforms) = postSolution
		{01028FCE-EC61-435A-A31F-C53F92F888B6}.Debug|Any CPU.ActiveCfg = Debug|Any CPU
		{01028FCE-EC61-435A-A31F-C53F92F888B6}.Debug|Any CPU.Build.0 = Debug|Any CPU
		{01028FCE-EC61-435A-A31F-C53F92F888B6}.Release|Any CPU.ActiveCfg = Release|Any CPU
		{01028FCE-EC61-435A-A31F-C53F92F888B6}.Release|Any CPU.Build.0 = Release|Any CPU
	EndGlobalSection
	GlobalSection(SolutionProperties) = preSolution
		HideSolutionNode = FALSE
	EndGlobalSection
	GlobalSection(ExtensibilityGlobals) = postSolution
		SolutionGuid = {A36CE9D4-FBE1-4509-8CDD-8C91B4E2802C}
	EndGlobalSection
EndGlobal
